
Microsoft Visual Studio Solution File, Format Version 12.00
# Visual Studio Version 16
VisualStudioVersion = 16.0.30225.117
MinimumVisualStudioVersion = 10.0.40219.1
Project("{2150E333-8FDC-42A3-9474-1A3956D46DE8}") = "IdentityServer", "IdentityServer", "{9B44B46D-9D30-4FD7-BB1B-E0B096751AE8}"
EndProject
Project("{2150E333-8FDC-42A3-9474-1A3956D46DE8}") = "NonAPIService", "NonAPIService", "{A4699AAF-18CC-4982-8A68-DFDD7E20D9E7}"
EndProject
Project("{2150E333-8FDC-42A3-9474-1A3956D46DE8}") = "APIs", "APIs", "{A7433518-0C0B-4355-804B-4C880AD43F3B}"
EndProject
Project("{2150E333-8FDC-42A3-9474-1A3956D46DE8}") = "GatewayAPI", "GatewayAPI", "{D7FB0C05-B37A-41C2-A113-42E7E550A6DE}"
EndProject
Project("{9A19103F-16F7-4668-BE54-9A1E7A4F7556}") = "IdentityService", "IdentityServer\IdentityService\IdentityService.csproj", "{61F568F9-9DFD-4A39-AE97-8C0967026F87}"
EndProject
Project("{9A19103F-16F7-4668-BE54-9A1E7A4F7556}") = "IdentityService.Data", "IdentityServer\IdentityService.Data\IdentityService.Data.csproj", "{FFFA477C-8048-49FB-9CA6-787B158F0843}"
EndProject
Project("{9A19103F-16F7-4668-BE54-9A1E7A4F7556}") = "IdentityService.Messaging.Sender", "IdentityServer\IdentityService.Messaging.Sender\IdentityService.Messaging.Sender.csproj", "{8D4D824A-50F6-4FD4-9DE9-E608DB241DD8}"
EndProject
Project("{2150E333-8FDC-42A3-9474-1A3956D46DE8}") = "SendMailService", "SendMailService", "{1D486E93-33A3-4BFE-AD45-BA43BFFFA0AB}"
EndProject
Project("{9A19103F-16F7-4668-BE54-9A1E7A4F7556}") = "SendMailService", "NonAPIService\MailSendService\MailSendService\SendMailService.csproj", "{DA291AB3-AA9F-49DD-815C-04BAA67CD7B9}"
EndProject
Project("{9A19103F-16F7-4668-BE54-9A1E7A4F7556}") = "SendMailService.Messaging.Receive", "NonAPIService\MailSendService\MailSendService.Messaging.Receive\SendMailService.Messaging.Receive.csproj", "{B0E8AD51-438A-482E-9DAF-87A107FBD988}"
EndProject
Project("{9A19103F-16F7-4668-BE54-9A1E7A4F7556}") = "SendMailService.Service", "NonAPIService\MailSendService\MailSendService.Service\SendMailService.Service.csproj", "{497CCF74-3638-45F4-A38B-478EADA18438}"
EndProject
Project("{2150E333-8FDC-42A3-9474-1A3956D46DE8}") = "Team", "Team", "{819CC817-5D48-4333-8CC7-934CD0F64782}"
EndProject
Project("{2150E333-8FDC-42A3-9474-1A3956D46DE8}") = "Player", "Player", "{C7F01F88-D1E0-45EB-8664-16B26F2A49E8}"
EndProject
Project("{2150E333-8FDC-42A3-9474-1A3956D46DE8}") = "Client", "Client", "{96719276-26C0-40D4-A82D-F4E16EED3DD6}"
EndProject
Project("{9A19103F-16F7-4668-BE54-9A1E7A4F7556}") = "Team.Api", "APIs\Team\Team.Api\Team.Api.csproj", "{0B8AEC28-2926-4EB8-AB5D-8726CF84DE85}"
EndProject
Project("{9A19103F-16F7-4668-BE54-9A1E7A4F7556}") = "GateWayAPI.Web", "GatewayAPI\GateWayAPI.Web\GateWayAPI.Web.csproj", "{C6C127EF-5023-4B1D-941E-674164DEF043}"
EndProject
Project("{E53339B2-1760-4266-BCC7-CA923CBCF16C}") = "docker-compose", "docker-compose.dcproj", "{ABFA515F-DBA4-4F34-AE86-E2F31061EDCE}"
EndProject
Project("{9A19103F-16F7-4668-BE54-9A1E7A4F7556}") = "Team.Data", "APIs\Team\Team.Data\Team.Data.csproj", "{1F8538AB-8B41-43DD-9617-30E02BA89014}"
EndProject
Project("{9A19103F-16F7-4668-BE54-9A1E7A4F7556}") = "Team.Service", "APIs\Team\Team.MediatoR\Team.Service.csproj", "{1918A854-A188-4627-8E92-A485AA0A3581}"
EndProject
Project("{9A19103F-16F7-4668-BE54-9A1E7A4F7556}") = "Team.Domains", "APIs\Team\Team.Domains\Team.Domains.csproj", "{5C50E5B0-0875-4B9D-B3A5-66545BBB5EBC}"
EndProject
Project("{9A19103F-16F7-4668-BE54-9A1E7A4F7556}") = "Team.Messanger.Sender", "APIs\Team\Team.Messanger.Sender\Team.Messanger.Sender.csproj", "{82789CD4-C537-4504-80E9-4DC718EED30B}"
EndProject
Project("{9A19103F-16F7-4668-BE54-9A1E7A4F7556}") = "Player.Api", "APIs\Player\Player.Api\Player.Api.csproj", "{AC704CAA-B4DF-4D12-AD6E-27D6A8981FDA}"
EndProject
Project("{9A19103F-16F7-4668-BE54-9A1E7A4F7556}") = "Player.Data", "APIs\Player\Player.Data\Player.Data.csproj", "{EB04B7F1-4268-47CF-BE32-FF0AC0800587}"
EndProject
Project("{FAE04EC0-301F-11D3-BF4B-00C04F79EFBC}") = "Player.Domains", "APIs\Player\Player.Domains\Player.Domains.csproj", "{F9F6FDA3-DCB9-453E-AA96-1DD77128530B}"
EndProject
Project("{FAE04EC0-301F-11D3-BF4B-00C04F79EFBC}") = "Player.Service", "APIs\Player\Player.Service\Player.Service.csproj", "{7B7D71E7-380B-487A-8354-4B2C9F1E8D9D}"
EndProject
Project("{9A19103F-16F7-4668-BE54-9A1E7A4F7556}") = "Player.Messager.Sender", "APIs\Player\Player.Messager.Sender\Player.Messager.Sender.csproj", "{3587A562-2F82-4D7B-AD8C-831D322FA1E1}"
EndProject
Project("{FAE04EC0-301F-11D3-BF4B-00C04F79EFBC}") = "Player.Messager.Receiver", "APIs\Player\Player.Messager.Receiver\Player.Messager.Receiver.csproj", "{ACFDC13F-76FD-4031-99BD-38AD96667558}"
EndProject
Global
	GlobalSection(SolutionConfigurationPlatforms) = preSolution
		Debug|Any CPU = Debug|Any CPU
		Release|Any CPU = Release|Any CPU
	EndGlobalSection
	GlobalSection(ProjectConfigurationPlatforms) = postSolution
		{61F568F9-9DFD-4A39-AE97-8C0967026F87}.Debug|Any CPU.ActiveCfg = Debug|Any CPU
		{61F568F9-9DFD-4A39-AE97-8C0967026F87}.Debug|Any CPU.Build.0 = Debug|Any CPU
		{61F568F9-9DFD-4A39-AE97-8C0967026F87}.Release|Any CPU.ActiveCfg = Release|Any CPU
		{61F568F9-9DFD-4A39-AE97-8C0967026F87}.Release|Any CPU.Build.0 = Release|Any CPU
		{FFFA477C-8048-49FB-9CA6-787B158F0843}.Debug|Any CPU.ActiveCfg = Debug|Any CPU
		{FFFA477C-8048-49FB-9CA6-787B158F0843}.Debug|Any CPU.Build.0 = Debug|Any CPU
		{FFFA477C-8048-49FB-9CA6-787B158F0843}.Release|Any CPU.ActiveCfg = Release|Any CPU
		{FFFA477C-8048-49FB-9CA6-787B158F0843}.Release|Any CPU.Build.0 = Release|Any CPU
		{8D4D824A-50F6-4FD4-9DE9-E608DB241DD8}.Debug|Any CPU.ActiveCfg = Debug|Any CPU
		{8D4D824A-50F6-4FD4-9DE9-E608DB241DD8}.Debug|Any CPU.Build.0 = Debug|Any CPU
		{8D4D824A-50F6-4FD4-9DE9-E608DB241DD8}.Release|Any CPU.ActiveCfg = Release|Any CPU
		{8D4D824A-50F6-4FD4-9DE9-E608DB241DD8}.Release|Any CPU.Build.0 = Release|Any CPU
		{DA291AB3-AA9F-49DD-815C-04BAA67CD7B9}.Debug|Any CPU.ActiveCfg = Debug|Any CPU
		{DA291AB3-AA9F-49DD-815C-04BAA67CD7B9}.Debug|Any CPU.Build.0 = Debug|Any CPU
		{DA291AB3-AA9F-49DD-815C-04BAA67CD7B9}.Release|Any CPU.ActiveCfg = Release|Any CPU
		{DA291AB3-AA9F-49DD-815C-04BAA67CD7B9}.Release|Any CPU.Build.0 = Release|Any CPU
		{B0E8AD51-438A-482E-9DAF-87A107FBD988}.Debug|Any CPU.ActiveCfg = Debug|Any CPU
		{B0E8AD51-438A-482E-9DAF-87A107FBD988}.Debug|Any CPU.Build.0 = Debug|Any CPU
		{B0E8AD51-438A-482E-9DAF-87A107FBD988}.Release|Any CPU.ActiveCfg = Release|Any CPU
		{B0E8AD51-438A-482E-9DAF-87A107FBD988}.Release|Any CPU.Build.0 = Release|Any CPU
		{497CCF74-3638-45F4-A38B-478EADA18438}.Debug|Any CPU.ActiveCfg = Debug|Any CPU
		{497CCF74-3638-45F4-A38B-478EADA18438}.Debug|Any CPU.Build.0 = Debug|Any CPU
		{497CCF74-3638-45F4-A38B-478EADA18438}.Release|Any CPU.ActiveCfg = Release|Any CPU
		{497CCF74-3638-45F4-A38B-478EADA18438}.Release|Any CPU.Build.0 = Release|Any CPU
		{0B8AEC28-2926-4EB8-AB5D-8726CF84DE85}.Debug|Any CPU.ActiveCfg = Debug|Any CPU
		{0B8AEC28-2926-4EB8-AB5D-8726CF84DE85}.Debug|Any CPU.Build.0 = Debug|Any CPU
		{0B8AEC28-2926-4EB8-AB5D-8726CF84DE85}.Release|Any CPU.ActiveCfg = Release|Any CPU
		{0B8AEC28-2926-4EB8-AB5D-8726CF84DE85}.Release|Any CPU.Build.0 = Release|Any CPU
		{C6C127EF-5023-4B1D-941E-674164DEF043}.Debug|Any CPU.ActiveCfg = Debug|Any CPU
		{C6C127EF-5023-4B1D-941E-674164DEF043}.Debug|Any CPU.Build.0 = Debug|Any CPU
		{C6C127EF-5023-4B1D-941E-674164DEF043}.Release|Any CPU.ActiveCfg = Release|Any CPU
		{C6C127EF-5023-4B1D-941E-674164DEF043}.Release|Any CPU.Build.0 = Release|Any CPU
		{ABFA515F-DBA4-4F34-AE86-E2F31061EDCE}.Debug|Any CPU.ActiveCfg = Debug|Any CPU
		{ABFA515F-DBA4-4F34-AE86-E2F31061EDCE}.Debug|Any CPU.Build.0 = Debug|Any CPU
		{ABFA515F-DBA4-4F34-AE86-E2F31061EDCE}.Release|Any CPU.ActiveCfg = Release|Any CPU
		{ABFA515F-DBA4-4F34-AE86-E2F31061EDCE}.Release|Any CPU.Build.0 = Release|Any CPU
		{1F8538AB-8B41-43DD-9617-30E02BA89014}.Debug|Any CPU.ActiveCfg = Debug|Any CPU
		{1F8538AB-8B41-43DD-9617-30E02BA89014}.Debug|Any CPU.Build.0 = Debug|Any CPU
		{1F8538AB-8B41-43DD-9617-30E02BA89014}.Release|Any CPU.ActiveCfg = Release|Any CPU
		{1F8538AB-8B41-43DD-9617-30E02BA89014}.Release|Any CPU.Build.0 = Release|Any CPU
		{1918A854-A188-4627-8E92-A485AA0A3581}.Debug|Any CPU.ActiveCfg = Debug|Any CPU
		{1918A854-A188-4627-8E92-A485AA0A3581}.Debug|Any CPU.Build.0 = Debug|Any CPU
		{1918A854-A188-4627-8E92-A485AA0A3581}.Release|Any CPU.ActiveCfg = Release|Any CPU
		{1918A854-A188-4627-8E92-A485AA0A3581}.Release|Any CPU.Build.0 = Release|Any CPU
		{5C50E5B0-0875-4B9D-B3A5-66545BBB5EBC}.Debug|Any CPU.ActiveCfg = Debug|Any CPU
		{5C50E5B0-0875-4B9D-B3A5-66545BBB5EBC}.Debug|Any CPU.Build.0 = Debug|Any CPU
		{5C50E5B0-0875-4B9D-B3A5-66545BBB5EBC}.Release|Any CPU.ActiveCfg = Release|Any CPU
		{5C50E5B0-0875-4B9D-B3A5-66545BBB5EBC}.Release|Any CPU.Build.0 = Release|Any CPU
		{82789CD4-C537-4504-80E9-4DC718EED30B}.Debug|Any CPU.ActiveCfg = Debug|Any CPU
		{82789CD4-C537-4504-80E9-4DC718EED30B}.Debug|Any CPU.Build.0 = Debug|Any CPU
		{82789CD4-C537-4504-80E9-4DC718EED30B}.Release|Any CPU.ActiveCfg = Release|Any CPU
		{82789CD4-C537-4504-80E9-4DC718EED30B}.Release|Any CPU.Build.0 = Release|Any CPU
		{AC704CAA-B4DF-4D12-AD6E-27D6A8981FDA}.Debug|Any CPU.ActiveCfg = Debug|Any CPU
		{AC704CAA-B4DF-4D12-AD6E-27D6A8981FDA}.Debug|Any CPU.Build.0 = Debug|Any CPU
		{AC704CAA-B4DF-4D12-AD6E-27D6A8981FDA}.Release|Any CPU.ActiveCfg = Release|Any CPU
		{AC704CAA-B4DF-4D12-AD6E-27D6A8981FDA}.Release|Any CPU.Build.0 = Release|Any CPU
		{EB04B7F1-4268-47CF-BE32-FF0AC0800587}.Debug|Any CPU.ActiveCfg = Debug|Any CPU
		{EB04B7F1-4268-47CF-BE32-FF0AC0800587}.Debug|Any CPU.Build.0 = Debug|Any CPU
		{EB04B7F1-4268-47CF-BE32-FF0AC0800587}.Release|Any CPU.ActiveCfg = Release|Any CPU
		{EB04B7F1-4268-47CF-BE32-FF0AC0800587}.Release|Any CPU.Build.0 = Release|Any CPU
		{F9F6FDA3-DCB9-453E-AA96-1DD77128530B}.Debug|Any CPU.ActiveCfg = Debug|Any CPU
		{F9F6FDA3-DCB9-453E-AA96-1DD77128530B}.Debug|Any CPU.Build.0 = Debug|Any CPU
		{F9F6FDA3-DCB9-453E-AA96-1DD77128530B}.Release|Any CPU.ActiveCfg = Release|Any CPU
		{F9F6FDA3-DCB9-453E-AA96-1DD77128530B}.Release|Any CPU.Build.0 = Release|Any CPU
		{7B7D71E7-380B-487A-8354-4B2C9F1E8D9D}.Debug|Any CPU.ActiveCfg = Debug|Any CPU
		{7B7D71E7-380B-487A-8354-4B2C9F1E8D9D}.Debug|Any CPU.Build.0 = Debug|Any CPU
		{7B7D71E7-380B-487A-8354-4B2C9F1E8D9D}.Release|Any CPU.ActiveCfg = Release|Any CPU
		{7B7D71E7-380B-487A-8354-4B2C9F1E8D9D}.Release|Any CPU.Build.0 = Release|Any CPU
		{3587A562-2F82-4D7B-AD8C-831D322FA1E1}.Debug|Any CPU.ActiveCfg = Debug|Any CPU
		{3587A562-2F82-4D7B-AD8C-831D322FA1E1}.Debug|Any CPU.Build.0 = Debug|Any CPU
		{3587A562-2F82-4D7B-AD8C-831D322FA1E1}.Release|Any CPU.ActiveCfg = Release|Any CPU
		{3587A562-2F82-4D7B-AD8C-831D322FA1E1}.Release|Any CPU.Build.0 = Release|Any CPU
		{ACFDC13F-76FD-4031-99BD-38AD96667558}.Debug|Any CPU.ActiveCfg = Debug|Any CPU
		{ACFDC13F-76FD-4031-99BD-38AD96667558}.Debug|Any CPU.Build.0 = Debug|Any CPU
		{ACFDC13F-76FD-4031-99BD-38AD96667558}.Release|Any CPU.ActiveCfg = Release|Any CPU
		{ACFDC13F-76FD-4031-99BD-38AD96667558}.Release|Any CPU.Build.0 = Release|Any CPU
	EndGlobalSection
	GlobalSection(SolutionProperties) = preSolution
		HideSolutionNode = FALSE
	EndGlobalSection
	GlobalSection(NestedProjects) = preSolution
		{61F568F9-9DFD-4A39-AE97-8C0967026F87} = {9B44B46D-9D30-4FD7-BB1B-E0B096751AE8}
		{FFFA477C-8048-49FB-9CA6-787B158F0843} = {9B44B46D-9D30-4FD7-BB1B-E0B096751AE8}
		{8D4D824A-50F6-4FD4-9DE9-E608DB241DD8} = {9B44B46D-9D30-4FD7-BB1B-E0B096751AE8}
		{1D486E93-33A3-4BFE-AD45-BA43BFFFA0AB} = {A4699AAF-18CC-4982-8A68-DFDD7E20D9E7}
		{DA291AB3-AA9F-49DD-815C-04BAA67CD7B9} = {1D486E93-33A3-4BFE-AD45-BA43BFFFA0AB}
		{B0E8AD51-438A-482E-9DAF-87A107FBD988} = {1D486E93-33A3-4BFE-AD45-BA43BFFFA0AB}
		{497CCF74-3638-45F4-A38B-478EADA18438} = {1D486E93-33A3-4BFE-AD45-BA43BFFFA0AB}
		{819CC817-5D48-4333-8CC7-934CD0F64782} = {A7433518-0C0B-4355-804B-4C880AD43F3B}
		{C7F01F88-D1E0-45EB-8664-16B26F2A49E8} = {A7433518-0C0B-4355-804B-4C880AD43F3B}
		{96719276-26C0-40D4-A82D-F4E16EED3DD6} = {A7433518-0C0B-4355-804B-4C880AD43F3B}
		{0B8AEC28-2926-4EB8-AB5D-8726CF84DE85} = {819CC817-5D48-4333-8CC7-934CD0F64782}
		{C6C127EF-5023-4B1D-941E-674164DEF043} = {D7FB0C05-B37A-41C2-A113-42E7E550A6DE}
		{1F8538AB-8B41-43DD-9617-30E02BA89014} = {819CC817-5D48-4333-8CC7-934CD0F64782}
		{1918A854-A188-4627-8E92-A485AA0A3581} = {819CC817-5D48-4333-8CC7-934CD0F64782}
		{5C50E5B0-0875-4B9D-B3A5-66545BBB5EBC} = {819CC817-5D48-4333-8CC7-934CD0F64782}
		{82789CD4-C537-4504-80E9-4DC718EED30B} = {819CC817-5D48-4333-8CC7-934CD0F64782}
		{AC704CAA-B4DF-4D12-AD6E-27D6A8981FDA} = {C7F01F88-D1E0-45EB-8664-16B26F2A49E8}
		{EB04B7F1-4268-47CF-BE32-FF0AC0800587} = {C7F01F88-D1E0-45EB-8664-16B26F2A49E8}
		{F9F6FDA3-DCB9-453E-AA96-1DD77128530B} = {C7F01F88-D1E0-45EB-8664-16B26F2A49E8}
		{7B7D71E7-380B-487A-8354-4B2C9F1E8D9D} = {C7F01F88-D1E0-45EB-8664-16B26F2A49E8}
		{3587A562-2F82-4D7B-AD8C-831D322FA1E1} = {C7F01F88-D1E0-45EB-8664-16B26F2A49E8}
		{ACFDC13F-76FD-4031-99BD-38AD96667558} = {C7F01F88-D1E0-45EB-8664-16B26F2A49E8}
	EndGlobalSection
	GlobalSection(ExtensibilityGlobals) = postSolution
		SolutionGuid = {4840D749-80EA-4E1C-B271-BEDED2B91147}
	EndGlobalSection
EndGlobal
